
Microsoft Visual Studio Solution File, Format Version 12.00
# Visual Studio Version 17
VisualStudioVersion = 17.8.34330.188
MinimumVisualStudioVersion = 10.0.40219.1
Project("{FAE04EC0-301F-11D3-BF4B-00C04F79EFBC}") = "Blackhole.Maui", "Blackhole.Maui\Blackhole.Maui.csproj", "{DDDB1523-ADA1-434B-8241-7515544BD73B}"
EndProject
Project("{9A19103F-16F7-4668-BE54-9A1E7A4F7556}") = "BlackHoleGame", "BlackHoleGame\BlackHoleGame.csproj", "{E3D487FA-4B10-4312-92C6-120AA4D97B02}"
EndProject
Global
	GlobalSection(SolutionConfigurationPlatforms) = preSolution
		Debug|Any CPU = Debug|Any CPU
		Release|Any CPU = Release|Any CPU
	EndGlobalSection
	GlobalSection(ProjectConfigurationPlatforms) = postSolution
		{DDDB1523-ADA1-434B-8241-7515544BD73B}.Debug|Any CPU.ActiveCfg = Debug|Any CPU
		{DDDB1523-ADA1-434B-8241-7515544BD73B}.Debug|Any CPU.Build.0 = Debug|Any CPU
		{DDDB1523-ADA1-434B-8241-7515544BD73B}.Debug|Any CPU.Deploy.0 = Debug|Any CPU
		{DDDB1523-ADA1-434B-8241-7515544BD73B}.Release|Any CPU.ActiveCfg = Release|Any CPU
		{DDDB1523-ADA1-434B-8241-7515544BD73B}.Release|Any CPU.Build.0 = Release|Any CPU
		{DDDB1523-ADA1-434B-8241-7515544BD73B}.Release|Any CPU.Deploy.0 = Release|Any CPU
		{E3D487FA-4B10-4312-92C6-120AA4D97B02}.Debug|Any CPU.ActiveCfg = Debug|Any CPU
		{E3D487FA-4B10-4312-92C6-120AA4D97B02}.Debug|Any CPU.Build.0 = Debug|Any CPU
		{E3D487FA-4B10-4312-92C6-120AA4D97B02}.Release|Any CPU.ActiveCfg = Release|Any CPU
		{E3D487FA-4B10-4312-92C6-120AA4D97B02}.Release|Any CPU.Build.0 = Release|Any CPU
	EndGlobalSection
	GlobalSection(SolutionProperties) = preSolution
		HideSolutionNode = FALSE
	EndGlobalSection
	GlobalSection(ExtensibilityGlobals) = postSolution
		SolutionGuid = {9C26E681-EBD8-4257-BD08-5BEDE6E744E7}
	EndGlobalSection
EndGlobal
