
Microsoft Visual Studio Solution File, Format Version 12.00
# Visual Studio Version 17
VisualStudioVersion = 17.4.33122.133
MinimumVisualStudioVersion = 10.0.40219.1
Project("{9A19103F-16F7-4668-BE54-9A1E7A4F7556}") = "BlackHole", "BlackHole\BlackHole.csproj", "{5FEA2072-F303-4B97-A107-717039EBF5DD}"
EndProject
Project("{9A19103F-16F7-4668-BE54-9A1E7A4F7556}") = "BlackHoleGame", "BlackHoleGame\BlackHoleGame.csproj", "{63785678-C261-441D-818D-2B7191C6B425}"
EndProject
Project("{9A19103F-16F7-4668-BE54-9A1E7A4F7556}") = "BlackholeGameTest", "BlackholeGameTest\BlackholeGameTest.csproj", "{107E8ADD-F5B9-4522-AB55-5E2451EFEB9C}"
EndProject
Global
	GlobalSection(SolutionConfigurationPlatforms) = preSolution
		Debug|Any CPU = Debug|Any CPU
		Release|Any CPU = Release|Any CPU
	EndGlobalSection
	GlobalSection(ProjectConfigurationPlatforms) = postSolution
		{5FEA2072-F303-4B97-A107-717039EBF5DD}.Debug|Any CPU.ActiveCfg = Debug|Any CPU
		{5FEA2072-F303-4B97-A107-717039EBF5DD}.Debug|Any CPU.Build.0 = Debug|Any CPU
		{5FEA2072-F303-4B97-A107-717039EBF5DD}.Release|Any CPU.ActiveCfg = Release|Any CPU
		{5FEA2072-F303-4B97-A107-717039EBF5DD}.Release|Any CPU.Build.0 = Release|Any CPU
		{63785678-C261-441D-818D-2B7191C6B425}.Debug|Any CPU.ActiveCfg = Debug|Any CPU
		{63785678-C261-441D-818D-2B7191C6B425}.Debug|Any CPU.Build.0 = Debug|Any CPU
		{63785678-C261-441D-818D-2B7191C6B425}.Release|Any CPU.ActiveCfg = Release|Any CPU
		{63785678-C261-441D-818D-2B7191C6B425}.Release|Any CPU.Build.0 = Release|Any CPU
		{107E8ADD-F5B9-4522-AB55-5E2451EFEB9C}.Debug|Any CPU.ActiveCfg = Debug|Any CPU
		{107E8ADD-F5B9-4522-AB55-5E2451EFEB9C}.Debug|Any CPU.Build.0 = Debug|Any CPU
		{107E8ADD-F5B9-4522-AB55-5E2451EFEB9C}.Release|Any CPU.ActiveCfg = Release|Any CPU
		{107E8ADD-F5B9-4522-AB55-5E2451EFEB9C}.Release|Any CPU.Build.0 = Release|Any CPU
	EndGlobalSection
	GlobalSection(SolutionProperties) = preSolution
		HideSolutionNode = FALSE
	EndGlobalSection
	GlobalSection(ExtensibilityGlobals) = postSolution
		SolutionGuid = {3D72170D-DA43-41D5-AE96-2E6BADE7D2D0}
	EndGlobalSection
EndGlobal
